
Microsoft Visual Studio Solution File, Format Version 12.00
# Visual Studio Version 17
VisualStudioVersion = 17.3.32901.215
MinimumVisualStudioVersion = 10.0.40219.1
Project("{2150E333-8FDC-42A3-9474-1A3956D46DE8}") = "src", "src", "{0B3308C9-EBC6-4659-B6A0-32357A05493E}"
EndProject
Project("{2150E333-8FDC-42A3-9474-1A3956D46DE8}") = "test", "test", "{F494D13E-D475-4084-9F63-5224E7152D39}"
EndProject
Project("{9A19103F-16F7-4668-BE54-9A1E7A4F7556}") = "Domain.API", "Domain.API\Domain.API.csproj", "{0C12B2C1-D041-4E7B-80A5-16AC5CBBFDBE}"
EndProject
Project("{9A19103F-16F7-4668-BE54-9A1E7A4F7556}") = "Domain.Domain", "Domain.Domain\Domain.Domain.csproj", "{E264E3DF-9AF2-4B84-9642-426B7DE7FAA0}"
EndProject
Project("{9A19103F-16F7-4668-BE54-9A1E7A4F7556}") = "Domain.Infrastructure", "Domain.Infrastructure\Domain.Infrastructure.csproj", "{33426184-E619-49F1-A46E-B75CBFA7A6F0}"
EndProject
Project("{9A19103F-16F7-4668-BE54-9A1E7A4F7556}") = "Domain.Application", "Domain.Application\Domain.Application.csproj", "{05816515-8A0C-4ADF-8EFE-2E21C94A1DAA}"
EndProject
Project("{9A19103F-16F7-4668-BE54-9A1E7A4F7556}") = "Domain.Persistence", "Domain.Persistence\Domain.Persistence.csproj", "{051A8FA6-1E7C-46F4-ACB2-4802A43B470D}"
EndProject
Project("{9A19103F-16F7-4668-BE54-9A1E7A4F7556}") = "Domain.Presentation", "Domain.Presentation\Domain.Presentation.csproj", "{5D3B2705-F1BE-46AE-AD2C-75ADDE44629F}"
EndProject
Project("{9A19103F-16F7-4668-BE54-9A1E7A4F7556}") = "test", "test\test.csproj", "{31E82A09-022C-4ACC-A319-DB2F3B128DA5}"
EndProject
Project("{2150E333-8FDC-42A3-9474-1A3956D46DE8}") = "solution items", "solution items", "{3532A29B-B3C1-4FA7-8165-49E78C070F8C}"
	ProjectSection(SolutionItems) = preProject
		.editorconfig = .editorconfig
		Directory.Build.props = Directory.Build.props
	EndProjectSection
EndProject
Project("{9A19103F-16F7-4668-BE54-9A1E7A4F7556}") = "Domain.Contract", "Domain.Contract\Domain.Contract.csproj", "{6DE205DC-3ABF-41DC-A96C-4E037CA56536}"
EndProject
Project("{FAE04EC0-301F-11D3-BF4B-00C04F79EFBC}") = "APIGateway", "APIGateway\APIGateway.csproj", "{7538AC94-5E1F-4498-AE50-9B407C437877}"
EndProject
Global
	GlobalSection(SolutionConfigurationPlatforms) = preSolution
		Debug|Any CPU = Debug|Any CPU
		Release|Any CPU = Release|Any CPU
	EndGlobalSection
	GlobalSection(ProjectConfigurationPlatforms) = postSolution
		{0C12B2C1-D041-4E7B-80A5-16AC5CBBFDBE}.Debug|Any CPU.ActiveCfg = Debug|Any CPU
		{0C12B2C1-D041-4E7B-80A5-16AC5CBBFDBE}.Debug|Any CPU.Build.0 = Debug|Any CPU
		{0C12B2C1-D041-4E7B-80A5-16AC5CBBFDBE}.Release|Any CPU.ActiveCfg = Release|Any CPU
		{0C12B2C1-D041-4E7B-80A5-16AC5CBBFDBE}.Release|Any CPU.Build.0 = Release|Any CPU
		{E264E3DF-9AF2-4B84-9642-426B7DE7FAA0}.Debug|Any CPU.ActiveCfg = Debug|Any CPU
		{E264E3DF-9AF2-4B84-9642-426B7DE7FAA0}.Debug|Any CPU.Build.0 = Debug|Any CPU
		{E264E3DF-9AF2-4B84-9642-426B7DE7FAA0}.Release|Any CPU.ActiveCfg = Release|Any CPU
		{E264E3DF-9AF2-4B84-9642-426B7DE7FAA0}.Release|Any CPU.Build.0 = Release|Any CPU
		{33426184-E619-49F1-A46E-B75CBFA7A6F0}.Debug|Any CPU.ActiveCfg = Debug|Any CPU
		{33426184-E619-49F1-A46E-B75CBFA7A6F0}.Debug|Any CPU.Build.0 = Debug|Any CPU
		{33426184-E619-49F1-A46E-B75CBFA7A6F0}.Release|Any CPU.ActiveCfg = Release|Any CPU
		{33426184-E619-49F1-A46E-B75CBFA7A6F0}.Release|Any CPU.Build.0 = Release|Any CPU
		{05816515-8A0C-4ADF-8EFE-2E21C94A1DAA}.Debug|Any CPU.ActiveCfg = Debug|Any CPU
		{05816515-8A0C-4ADF-8EFE-2E21C94A1DAA}.Debug|Any CPU.Build.0 = Debug|Any CPU
		{05816515-8A0C-4ADF-8EFE-2E21C94A1DAA}.Release|Any CPU.ActiveCfg = Release|Any CPU
		{05816515-8A0C-4ADF-8EFE-2E21C94A1DAA}.Release|Any CPU.Build.0 = Release|Any CPU
		{051A8FA6-1E7C-46F4-ACB2-4802A43B470D}.Debug|Any CPU.ActiveCfg = Debug|Any CPU
		{051A8FA6-1E7C-46F4-ACB2-4802A43B470D}.Debug|Any CPU.Build.0 = Debug|Any CPU
		{051A8FA6-1E7C-46F4-ACB2-4802A43B470D}.Release|Any CPU.ActiveCfg = Release|Any CPU
		{051A8FA6-1E7C-46F4-ACB2-4802A43B470D}.Release|Any CPU.Build.0 = Release|Any CPU
		{5D3B2705-F1BE-46AE-AD2C-75ADDE44629F}.Debug|Any CPU.ActiveCfg = Debug|Any CPU
		{5D3B2705-F1BE-46AE-AD2C-75ADDE44629F}.Debug|Any CPU.Build.0 = Debug|Any CPU
		{5D3B2705-F1BE-46AE-AD2C-75ADDE44629F}.Release|Any CPU.ActiveCfg = Release|Any CPU
		{5D3B2705-F1BE-46AE-AD2C-75ADDE44629F}.Release|Any CPU.Build.0 = Release|Any CPU
		{31E82A09-022C-4ACC-A319-DB2F3B128DA5}.Debug|Any CPU.ActiveCfg = Debug|Any CPU
		{31E82A09-022C-4ACC-A319-DB2F3B128DA5}.Debug|Any CPU.Build.0 = Debug|Any CPU
		{31E82A09-022C-4ACC-A319-DB2F3B128DA5}.Release|Any CPU.ActiveCfg = Release|Any CPU
		{31E82A09-022C-4ACC-A319-DB2F3B128DA5}.Release|Any CPU.Build.0 = Release|Any CPU
		{6DE205DC-3ABF-41DC-A96C-4E037CA56536}.Debug|Any CPU.ActiveCfg = Debug|Any CPU
		{6DE205DC-3ABF-41DC-A96C-4E037CA56536}.Debug|Any CPU.Build.0 = Debug|Any CPU
		{6DE205DC-3ABF-41DC-A96C-4E037CA56536}.Release|Any CPU.ActiveCfg = Release|Any CPU
		{6DE205DC-3ABF-41DC-A96C-4E037CA56536}.Release|Any CPU.Build.0 = Release|Any CPU
		{7538AC94-5E1F-4498-AE50-9B407C437877}.Debug|Any CPU.ActiveCfg = Debug|Any CPU
		{7538AC94-5E1F-4498-AE50-9B407C437877}.Debug|Any CPU.Build.0 = Debug|Any CPU
		{7538AC94-5E1F-4498-AE50-9B407C437877}.Release|Any CPU.ActiveCfg = Release|Any CPU
		{7538AC94-5E1F-4498-AE50-9B407C437877}.Release|Any CPU.Build.0 = Release|Any CPU
	EndGlobalSection
	GlobalSection(SolutionProperties) = preSolution
		HideSolutionNode = FALSE
	EndGlobalSection
	GlobalSection(NestedProjects) = preSolution
		{0C12B2C1-D041-4E7B-80A5-16AC5CBBFDBE} = {0B3308C9-EBC6-4659-B6A0-32357A05493E}
		{E264E3DF-9AF2-4B84-9642-426B7DE7FAA0} = {0B3308C9-EBC6-4659-B6A0-32357A05493E}
		{33426184-E619-49F1-A46E-B75CBFA7A6F0} = {0B3308C9-EBC6-4659-B6A0-32357A05493E}
		{05816515-8A0C-4ADF-8EFE-2E21C94A1DAA} = {0B3308C9-EBC6-4659-B6A0-32357A05493E}
		{051A8FA6-1E7C-46F4-ACB2-4802A43B470D} = {0B3308C9-EBC6-4659-B6A0-32357A05493E}
		{5D3B2705-F1BE-46AE-AD2C-75ADDE44629F} = {0B3308C9-EBC6-4659-B6A0-32357A05493E}
		{31E82A09-022C-4ACC-A319-DB2F3B128DA5} = {F494D13E-D475-4084-9F63-5224E7152D39}
		{6DE205DC-3ABF-41DC-A96C-4E037CA56536} = {0B3308C9-EBC6-4659-B6A0-32357A05493E}
		{7538AC94-5E1F-4498-AE50-9B407C437877} = {0B3308C9-EBC6-4659-B6A0-32357A05493E}
	EndGlobalSection
	GlobalSection(ExtensibilityGlobals) = postSolution
		SolutionGuid = {B38B749D-D99E-4B11-9453-D5D6CECBACB4}
	EndGlobalSection
EndGlobal
